// !$*UTF8*$!
{
	archiveVersion = 1;
	classes = {
	};
	objectVersion = 46;
	objects = {

/* Begin PBXBuildFile section */
		7B03655D1F0582860046D6A4 /* AppDelegate.swift in Sources */ = {isa = PBXBuildFile; fileRef = 7B03655C1F0582860046D6A4 /* AppDelegate.swift */; };
		7B03655F1F0582860046D6A4 /* WeeklyViewController.swift in Sources */ = {isa = PBXBuildFile; fileRef = 7B03655E1F0582860046D6A4 /* WeeklyViewController.swift */; };
		7B0365621F0582860046D6A4 /* Main.storyboard in Resources */ = {isa = PBXBuildFile; fileRef = 7B0365601F0582860046D6A4 /* Main.storyboard */; };
		7B0365671F0582860046D6A4 /* Assets.xcassets in Resources */ = {isa = PBXBuildFile; fileRef = 7B0365661F0582860046D6A4 /* Assets.xcassets */; };
		7B03656A1F0582860046D6A4 /* LaunchScreen.storyboard in Resources */ = {isa = PBXBuildFile; fileRef = 7B0365681F0582860046D6A4 /* LaunchScreen.storyboard */; };
		7B0365751F0582860046D6A4 /* ToDoListTests.swift in Sources */ = {isa = PBXBuildFile; fileRef = 7B0365741F0582860046D6A4 /* ToDoListTests.swift */; };
		7B70347A1F05935F00C768B7 /* Day.swift in Sources */ = {isa = PBXBuildFile; fileRef = 7B7034791F05935F00C768B7 /* Day.swift */; };
		7B70347C1F05941200C768B7 /* TaskViewController.swift in Sources */ = {isa = PBXBuildFile; fileRef = 7B70347B1F05941200C768B7 /* TaskViewController.swift */; };
		7B70347E1F097C4E00C768B7 /* DataStore.swift in Sources */ = {isa = PBXBuildFile; fileRef = 7B70347D1F097C4E00C768B7 /* DataStore.swift */; };
		7B7034811F09AE0300C768B7 /* DataModel.xcdatamodeld in Sources */ = {isa = PBXBuildFile; fileRef = 7B70347F1F09AE0300C768B7 /* DataModel.xcdatamodeld */; };
		E7C9AF041F06E7BE00415897 /* InputTaskView.xib in Resources */ = {isa = PBXBuildFile; fileRef = E7C9AF031F06E7BE00415897 /* InputTaskView.xib */; };
		E7C9AF061F06E7CB00415897 /* InputTaskView.swift in Sources */ = {isa = PBXBuildFile; fileRef = E7C9AF051F06E7CB00415897 /* InputTaskView.swift */; };
/* End PBXBuildFile section */

/* Begin PBXContainerItemProxy section */
		7B0365711F0582860046D6A4 /* PBXContainerItemProxy */ = {
			isa = PBXContainerItemProxy;
			containerPortal = 7B0365511F0582860046D6A4 /* Project object */;
			proxyType = 1;
			remoteGlobalIDString = 7B0365581F0582860046D6A4;
			remoteInfo = ToDoList;
		};
/* End PBXContainerItemProxy section */

/* Begin PBXFileReference section */
		7B0365591F0582860046D6A4 /* ToDoList.app */ = {isa = PBXFileReference; explicitFileType = wrapper.application; includeInIndex = 0; path = ToDoList.app; sourceTree = BUILT_PRODUCTS_DIR; };
		7B03655C1F0582860046D6A4 /* AppDelegate.swift */ = {isa = PBXFileReference; lastKnownFileType = sourcecode.swift; path = AppDelegate.swift; sourceTree = "<group>"; };
		7B03655E1F0582860046D6A4 /* WeeklyViewController.swift */ = {isa = PBXFileReference; lastKnownFileType = sourcecode.swift; path = WeeklyViewController.swift; sourceTree = "<group>"; };
		7B0365611F0582860046D6A4 /* Base */ = {isa = PBXFileReference; lastKnownFileType = file.storyboard; name = Base; path = Base.lproj/Main.storyboard; sourceTree = "<group>"; };
		7B0365661F0582860046D6A4 /* Assets.xcassets */ = {isa = PBXFileReference; lastKnownFileType = folder.assetcatalog; path = Assets.xcassets; sourceTree = "<group>"; };
		7B0365691F0582860046D6A4 /* Base */ = {isa = PBXFileReference; lastKnownFileType = file.storyboard; name = Base; path = Base.lproj/LaunchScreen.storyboard; sourceTree = "<group>"; };
		7B03656B1F0582860046D6A4 /* Info.plist */ = {isa = PBXFileReference; lastKnownFileType = text.plist.xml; path = Info.plist; sourceTree = "<group>"; };
		7B0365701F0582860046D6A4 /* ToDoListTests.xctest */ = {isa = PBXFileReference; explicitFileType = wrapper.cfbundle; includeInIndex = 0; path = ToDoListTests.xctest; sourceTree = BUILT_PRODUCTS_DIR; };
		7B0365741F0582860046D6A4 /* ToDoListTests.swift */ = {isa = PBXFileReference; lastKnownFileType = sourcecode.swift; path = ToDoListTests.swift; sourceTree = "<group>"; };
		7B0365761F0582860046D6A4 /* Info.plist */ = {isa = PBXFileReference; lastKnownFileType = text.plist.xml; path = Info.plist; sourceTree = "<group>"; };
		7B7034791F05935F00C768B7 /* Day.swift */ = {isa = PBXFileReference; fileEncoding = 4; lastKnownFileType = sourcecode.swift; path = Day.swift; sourceTree = "<group>"; };
		7B70347B1F05941200C768B7 /* TaskViewController.swift */ = {isa = PBXFileReference; fileEncoding = 4; lastKnownFileType = sourcecode.swift; path = TaskViewController.swift; sourceTree = "<group>"; };
		7B70347D1F097C4E00C768B7 /* DataStore.swift */ = {isa = PBXFileReference; fileEncoding = 4; lastKnownFileType = sourcecode.swift; path = DataStore.swift; sourceTree = "<group>"; };
		7B7034801F09AE0300C768B7 /* DataModel.xcdatamodel */ = {isa = PBXFileReference; lastKnownFileType = wrapper.xcdatamodel; path = DataModel.xcdatamodel; sourceTree = "<group>"; };
		E7C9AF031F06E7BE00415897 /* InputTaskView.xib */ = {isa = PBXFileReference; fileEncoding = 4; lastKnownFileType = file.xib; path = InputTaskView.xib; sourceTree = "<group>"; };
		E7C9AF051F06E7CB00415897 /* InputTaskView.swift */ = {isa = PBXFileReference; fileEncoding = 4; lastKnownFileType = sourcecode.swift; path = InputTaskView.swift; sourceTree = "<group>"; };
/* End PBXFileReference section */

/* Begin PBXFrameworksBuildPhase section */
		7B0365561F0582860046D6A4 /* Frameworks */ = {
			isa = PBXFrameworksBuildPhase;
			buildActionMask = 2147483647;
			files = (
			);
			runOnlyForDeploymentPostprocessing = 0;
		};
		7B03656D1F0582860046D6A4 /* Frameworks */ = {
			isa = PBXFrameworksBuildPhase;
			buildActionMask = 2147483647;
			files = (
			);
			runOnlyForDeploymentPostprocessing = 0;
		};
/* End PBXFrameworksBuildPhase section */

/* Begin PBXGroup section */
		7B0365501F0582860046D6A4 = {
			isa = PBXGroup;
			children = (
				7B03655B1F0582860046D6A4 /* ToDoList */,
				7B0365731F0582860046D6A4 /* ToDoListTests */,
				7B03655A1F0582860046D6A4 /* Products */,
			);
			sourceTree = "<group>";
		};
		7B03655A1F0582860046D6A4 /* Products */ = {
			isa = PBXGroup;
			children = (
				7B0365591F0582860046D6A4 /* ToDoList.app */,
				7B0365701F0582860046D6A4 /* ToDoListTests.xctest */,
			);
			name = Products;
			sourceTree = "<group>";
		};
		7B03655B1F0582860046D6A4 /* ToDoList */ = {
			isa = PBXGroup;
			children = (
				E7C9AF021F06E7A400415897 /* Xib */,
				7B0365811F05832F0046D6A4 /* View */,
				7B0365801F0583260046D6A4 /* Model */,
				7B03657F1F0583000046D6A4 /* ViewModel */,
				7B03655C1F0582860046D6A4 /* AppDelegate.swift */,
				7B0365601F0582860046D6A4 /* Main.storyboard */,
				7B0365661F0582860046D6A4 /* Assets.xcassets */,
				7B0365681F0582860046D6A4 /* LaunchScreen.storyboard */,
				7B03656B1F0582860046D6A4 /* Info.plist */,
			);
			path = ToDoList;
			sourceTree = "<group>";
		};
		7B0365731F0582860046D6A4 /* ToDoListTests */ = {
			isa = PBXGroup;
			children = (
				7B0365741F0582860046D6A4 /* ToDoListTests.swift */,
				7B0365761F0582860046D6A4 /* Info.plist */,
			);
			path = ToDoListTests;
			sourceTree = "<group>";
		};
		7B03657F1F0583000046D6A4 /* ViewModel */ = {
			isa = PBXGroup;
			children = (
			);
			name = ViewModel;
			sourceTree = "<group>";
		};
		7B0365801F0583260046D6A4 /* Model */ = {
			isa = PBXGroup;
			children = (
				7B7034791F05935F00C768B7 /* Day.swift */,
				7B70347D1F097C4E00C768B7 /* DataStore.swift */,
				7B70347F1F09AE0300C768B7 /* DataModel.xcdatamodeld */,
			);
			name = Model;
			sourceTree = "<group>";
		};
		7B0365811F05832F0046D6A4 /* View */ = {
			isa = PBXGroup;
			children = (
				7B70347B1F05941200C768B7 /* TaskViewController.swift */,
				E7C9AF051F06E7CB00415897 /* InputTaskView.swift */,
				7B03655E1F0582860046D6A4 /* WeeklyViewController.swift */,
			);
			name = View;
			sourceTree = "<group>";
		};
		E7C9AF021F06E7A400415897 /* Xib */ = {
			isa = PBXGroup;
			children = (
				E7C9AF031F06E7BE00415897 /* InputTaskView.xib */,
			);
			name = Xib;
			sourceTree = "<group>";
		};
/* End PBXGroup section */

/* Begin PBXNativeTarget section */
		7B0365581F0582860046D6A4 /* ToDoList */ = {
			isa = PBXNativeTarget;
			buildConfigurationList = 7B0365791F0582860046D6A4 /* Build configuration list for PBXNativeTarget "ToDoList" */;
			buildPhases = (
				7B0365551F0582860046D6A4 /* Sources */,
				7B0365561F0582860046D6A4 /* Frameworks */,
				7B0365571F0582860046D6A4 /* Resources */,
			);
			buildRules = (
			);
			dependencies = (
			);
			name = ToDoList;
			productName = ToDoList;
			productReference = 7B0365591F0582860046D6A4 /* ToDoList.app */;
			productType = "com.apple.product-type.application";
		};
		7B03656F1F0582860046D6A4 /* ToDoListTests */ = {
			isa = PBXNativeTarget;
			buildConfigurationList = 7B03657C1F0582860046D6A4 /* Build configuration list for PBXNativeTarget "ToDoListTests" */;
			buildPhases = (
				7B03656C1F0582860046D6A4 /* Sources */,
				7B03656D1F0582860046D6A4 /* Frameworks */,
				7B03656E1F0582860046D6A4 /* Resources */,
			);
			buildRules = (
			);
			dependencies = (
				7B0365721F0582860046D6A4 /* PBXTargetDependency */,
			);
			name = ToDoListTests;
			productName = ToDoListTests;
			productReference = 7B0365701F0582860046D6A4 /* ToDoListTests.xctest */;
			productType = "com.apple.product-type.bundle.unit-test";
		};
/* End PBXNativeTarget section */

/* Begin PBXProject section */
		7B0365511F0582860046D6A4 /* Project object */ = {
			isa = PBXProject;
			attributes = {
				LastSwiftUpdateCheck = 0830;
				LastUpgradeCheck = 0830;
				ORGANIZATIONNAME = "Sejan Miah";
				TargetAttributes = {
					7B0365581F0582860046D6A4 = {
						CreatedOnToolsVersion = 8.3.3;
						DevelopmentTeam = 8X5723UG7D;
						ProvisioningStyle = Automatic;
					};
					7B03656F1F0582860046D6A4 = {
						CreatedOnToolsVersion = 8.3.3;
						DevelopmentTeam = 8X5723UG7D;
						ProvisioningStyle = Automatic;
						TestTargetID = 7B0365581F0582860046D6A4;
					};
				};
			};
			buildConfigurationList = 7B0365541F0582860046D6A4 /* Build configuration list for PBXProject "ToDoList" */;
			compatibilityVersion = "Xcode 3.2";
			developmentRegion = English;
			hasScannedForEncodings = 0;
			knownRegions = (
				en,
				Base,
			);
			mainGroup = 7B0365501F0582860046D6A4;
			productRefGroup = 7B03655A1F0582860046D6A4 /* Products */;
			projectDirPath = "";
			projectRoot = "";
			targets = (
				7B0365581F0582860046D6A4 /* ToDoList */,
				7B03656F1F0582860046D6A4 /* ToDoListTests */,
			);
		};
/* End PBXProject section */

/* Begin PBXResourcesBuildPhase section */
		7B0365571F0582860046D6A4 /* Resources */ = {
			isa = PBXResourcesBuildPhase;
			buildActionMask = 2147483647;
			files = (
				E7C9AF041F06E7BE00415897 /* InputTaskView.xib in Resources */,
				7B03656A1F0582860046D6A4 /* LaunchScreen.storyboard in Resources */,
				7B0365671F0582860046D6A4 /* Assets.xcassets in Resources */,
				7B0365621F0582860046D6A4 /* Main.storyboard in Resources */,
			);
			runOnlyForDeploymentPostprocessing = 0;
		};
		7B03656E1F0582860046D6A4 /* Resources */ = {
			isa = PBXResourcesBuildPhase;
			buildActionMask = 2147483647;
			files = (
			);
			runOnlyForDeploymentPostprocessing = 0;
		};
/* End PBXResourcesBuildPhase section */

/* Begin PBXSourcesBuildPhase section */
		7B0365551F0582860046D6A4 /* Sources */ = {
			isa = PBXSourcesBuildPhase;
			buildActionMask = 2147483647;
			files = (
				7B70347E1F097C4E00C768B7 /* DataStore.swift in Sources */,
				E7C9AF061F06E7CB00415897 /* InputTaskView.swift in Sources */,
				7B03655F1F0582860046D6A4 /* WeeklyViewController.swift in Sources */,
				7B7034811F09AE0300C768B7 /* DataModel.xcdatamodeld in Sources */,
				7B70347C1F05941200C768B7 /* TaskViewController.swift in Sources */,
				7B03655D1F0582860046D6A4 /* AppDelegate.swift in Sources */,
				7B70347A1F05935F00C768B7 /* Day.swift in Sources */,
			);
			runOnlyForDeploymentPostprocessing = 0;
		};
		7B03656C1F0582860046D6A4 /* Sources */ = {
			isa = PBXSourcesBuildPhase;
			buildActionMask = 2147483647;
			files = (
				7B0365751F0582860046D6A4 /* ToDoListTests.swift in Sources */,
			);
			runOnlyForDeploymentPostprocessing = 0;
		};
/* End PBXSourcesBuildPhase section */

/* Begin PBXTargetDependency section */
		7B0365721F0582860046D6A4 /* PBXTargetDependency */ = {
			isa = PBXTargetDependency;
			target = 7B0365581F0582860046D6A4 /* ToDoList */;
			targetProxy = 7B0365711F0582860046D6A4 /* PBXContainerItemProxy */;
		};
/* End PBXTargetDependency section */

/* Begin PBXVariantGroup section */
		7B0365601F0582860046D6A4 /* Main.storyboard */ = {
			isa = PBXVariantGroup;
			children = (
				7B0365611F0582860046D6A4 /* Base */,
			);
			name = Main.storyboard;
			sourceTree = "<group>";
		};
		7B0365681F0582860046D6A4 /* LaunchScreen.storyboard */ = {
			isa = PBXVariantGroup;
			children = (
				7B0365691F0582860046D6A4 /* Base */,
			);
			name = LaunchScreen.storyboard;
			sourceTree = "<group>";
		};
/* End PBXVariantGroup section */

/* Begin XCBuildConfiguration section */
		7B0365771F0582860046D6A4 /* Debug */ = {
			isa = XCBuildConfiguration;
			buildSettings = {
				ALWAYS_SEARCH_USER_PATHS = NO;
				CLANG_ANALYZER_NONNULL = YES;
				CLANG_ANALYZER_NUMBER_OBJECT_CONVERSION = YES_AGGRESSIVE;
				CLANG_CXX_LANGUAGE_STANDARD = "gnu++0x";
				CLANG_CXX_LIBRARY = "libc++";
				CLANG_ENABLE_MODULES = YES;
				CLANG_ENABLE_OBJC_ARC = YES;
				CLANG_WARN_BOOL_CONVERSION = YES;
				CLANG_WARN_CONSTANT_CONVERSION = YES;
				CLANG_WARN_DIRECT_OBJC_ISA_USAGE = YES_ERROR;
				CLANG_WARN_DOCUMENTATION_COMMENTS = YES;
				CLANG_WARN_EMPTY_BODY = YES;
				CLANG_WARN_ENUM_CONVERSION = YES;
				CLANG_WARN_INFINITE_RECURSION = YES;
				CLANG_WARN_INT_CONVERSION = YES;
				CLANG_WARN_OBJC_ROOT_CLASS = YES_ERROR;
				CLANG_WARN_SUSPICIOUS_MOVE = YES;
				CLANG_WARN_UNREACHABLE_CODE = YES;
				CLANG_WARN__DUPLICATE_METHOD_MATCH = YES;
				"CODE_SIGN_IDENTITY[sdk=iphoneos*]" = "iPhone Developer";
				COPY_PHASE_STRIP = NO;
				DEBUG_INFORMATION_FORMAT = dwarf;
				ENABLE_STRICT_OBJC_MSGSEND = YES;
				ENABLE_TESTABILITY = YES;
				GCC_C_LANGUAGE_STANDARD = gnu99;
				GCC_DYNAMIC_NO_PIC = NO;
				GCC_NO_COMMON_BLOCKS = YES;
				GCC_OPTIMIZATION_LEVEL = 0;
				GCC_PREPROCESSOR_DEFINITIONS = (
					"DEBUG=1",
					"$(inherited)",
				);
				GCC_WARN_64_TO_32_BIT_CONVERSION = YES;
				GCC_WARN_ABOUT_RETURN_TYPE = YES_ERROR;
				GCC_WARN_UNDECLARED_SELECTOR = YES;
				GCC_WARN_UNINITIALIZED_AUTOS = YES_AGGRESSIVE;
				GCC_WARN_UNUSED_FUNCTION = YES;
				GCC_WARN_UNUSED_VARIABLE = YES;
				IPHONEOS_DEPLOYMENT_TARGET = 10.3;
				MTL_ENABLE_DEBUG_INFO = YES;
				ONLY_ACTIVE_ARCH = YES;
				SDKROOT = iphoneos;
				SWIFT_ACTIVE_COMPILATION_CONDITIONS = DEBUG;
				SWIFT_OPTIMIZATION_LEVEL = "-Onone";
				TARGETED_DEVICE_FAMILY = "1,2";
			};
			name = Debug;
		};
		7B0365781F0582860046D6A4 /* Release */ = {
			isa = XCBuildConfiguration;
			buildSettings = {
				ALWAYS_SEARCH_USER_PATHS = NO;
				CLANG_ANALYZER_NONNULL = YES;
				CLANG_ANALYZER_NUMBER_OBJECT_CONVERSION = YES_AGGRESSIVE;
				CLANG_CXX_LANGUAGE_STANDARD = "gnu++0x";
				CLANG_CXX_LIBRARY = "libc++";
				CLANG_ENABLE_MODULES = YES;
				CLANG_ENABLE_OBJC_ARC = YES;
				CLANG_WARN_BOOL_CONVERSION = YES;
				CLANG_WARN_CONSTANT_CONVERSION = YES;
				CLANG_WARN_DIRECT_OBJC_ISA_USAGE = YES_ERROR;
				CLANG_WARN_DOCUMENTATION_COMMENTS = YES;
				CLANG_WARN_EMPTY_BODY = YES;
				CLANG_WARN_ENUM_CONVERSION = YES;
				CLANG_WARN_INFINITE_RECURSION = YES;
				CLANG_WARN_INT_CONVERSION = YES;
				CLANG_WARN_OBJC_ROOT_CLASS = YES_ERROR;
				CLANG_WARN_SUSPICIOUS_MOVE = YES;
				CLANG_WARN_UNREACHABLE_CODE = YES;
				CLANG_WARN__DUPLICATE_METHOD_MATCH = YES;
				"CODE_SIGN_IDENTITY[sdk=iphoneos*]" = "iPhone Developer";
				COPY_PHASE_STRIP = NO;
				DEBUG_INFORMATION_FORMAT = "dwarf-with-dsym";
				ENABLE_NS_ASSERTIONS = NO;
				ENABLE_STRICT_OBJC_MSGSEND = YES;
				GCC_C_LANGUAGE_STANDARD = gnu99;
				GCC_NO_COMMON_BLOCKS = YES;
				GCC_WARN_64_TO_32_BIT_CONVERSION = YES;
				GCC_WARN_ABOUT_RETURN_TYPE = YES_ERROR;
				GCC_WARN_UNDECLARED_SELECTOR = YES;
				GCC_WARN_UNINITIALIZED_AUTOS = YES_AGGRESSIVE;
				GCC_WARN_UNUSED_FUNCTION = YES;
				GCC_WARN_UNUSED_VARIABLE = YES;
				IPHONEOS_DEPLOYMENT_TARGET = 10.3;
				MTL_ENABLE_DEBUG_INFO = NO;
				SDKROOT = iphoneos;
				SWIFT_OPTIMIZATION_LEVEL = "-Owholemodule";
				TARGETED_DEVICE_FAMILY = "1,2";
				VALIDATE_PRODUCT = YES;
			};
			name = Release;
		};
		7B03657A1F0582860046D6A4 /* Debug */ = {
			isa = XCBuildConfiguration;
			buildSettings = {
				ASSETCATALOG_COMPILER_APPICON_NAME = AppIcon;
				DEVELOPMENT_TEAM = 8X5723UG7D;
				INFOPLIST_FILE = ToDoList/Info.plist;
				LD_RUNPATH_SEARCH_PATHS = "$(inherited) @executable_path/Frameworks";
				PRODUCT_BUNDLE_IDENTIFIER = com.SejanMiah.ToDoList;
				PRODUCT_NAME = "$(TARGET_NAME)";
				SWIFT_VERSION = 3.0;
			};
			name = Debug;
		};
		7B03657B1F0582860046D6A4 /* Release */ = {
			isa = XCBuildConfiguration;
			buildSettings = {
				ASSETCATALOG_COMPILER_APPICON_NAME = AppIcon;
				DEVELOPMENT_TEAM = 8X5723UG7D;
				INFOPLIST_FILE = ToDoList/Info.plist;
				LD_RUNPATH_SEARCH_PATHS = "$(inherited) @executable_path/Frameworks";
				PRODUCT_BUNDLE_IDENTIFIER = com.SejanMiah.ToDoList;
				PRODUCT_NAME = "$(TARGET_NAME)";
				SWIFT_VERSION = 3.0;
			};
			name = Release;
		};
		7B03657D1F0582860046D6A4 /* Debug */ = {
			isa = XCBuildConfiguration;
			buildSettings = {
				ALWAYS_EMBED_SWIFT_STANDARD_LIBRARIES = YES;
				BUNDLE_LOADER = "$(TEST_HOST)";
				DEVELOPMENT_TEAM = 8X5723UG7D;
				INFOPLIST_FILE = ToDoListTests/Info.plist;
				LD_RUNPATH_SEARCH_PATHS = "$(inherited) @executable_path/Frameworks @loader_path/Frameworks";
				PRODUCT_BUNDLE_IDENTIFIER = com.SejanMiah.ToDoListTests;
				PRODUCT_NAME = "$(TARGET_NAME)";
				SWIFT_VERSION = 3.0;
				TEST_HOST = "$(BUILT_PRODUCTS_DIR)/ToDoList.app/ToDoList";
			};
			name = Debug;
		};
		7B03657E1F0582860046D6A4 /* Release */ = {
			isa = XCBuildConfiguration;
			buildSettings = {
				ALWAYS_EMBED_SWIFT_STANDARD_LIBRARIES = YES;
				BUNDLE_LOADER = "$(TEST_HOST)";
				DEVELOPMENT_TEAM = 8X5723UG7D;
				INFOPLIST_FILE = ToDoListTests/Info.plist;
				LD_RUNPATH_SEARCH_PATHS = "$(inherited) @executable_path/Frameworks @loader_path/Frameworks";
				PRODUCT_BUNDLE_IDENTIFIER = com.SejanMiah.ToDoListTests;
				PRODUCT_NAME = "$(TARGET_NAME)";
				SWIFT_VERSION = 3.0;
				TEST_HOST = "$(BUILT_PRODUCTS_DIR)/ToDoList.app/ToDoList";
			};
			name = Release;
		};
/* End XCBuildConfiguration section */

/* Begin XCConfigurationList section */
		7B0365541F0582860046D6A4 /* Build configuration list for PBXProject "ToDoList" */ = {
			isa = XCConfigurationList;
			buildConfigurations = (
				7B0365771F0582860046D6A4 /* Debug */,
				7B0365781F0582860046D6A4 /* Release */,
			);
			defaultConfigurationIsVisible = 0;
			defaultConfigurationName = Release;
		};
		7B0365791F0582860046D6A4 /* Build configuration list for PBXNativeTarget "ToDoList" */ = {
			isa = XCConfigurationList;
			buildConfigurations = (
				7B03657A1F0582860046D6A4 /* Debug */,
				7B03657B1F0582860046D6A4 /* Release */,
			);
			defaultConfigurationIsVisible = 0;
			defaultConfigurationName = Release;
		};
		7B03657C1F0582860046D6A4 /* Build configuration list for PBXNativeTarget "ToDoListTests" */ = {
			isa = XCConfigurationList;
			buildConfigurations = (
				7B03657D1F0582860046D6A4 /* Debug */,
				7B03657E1F0582860046D6A4 /* Release */,
			);
			defaultConfigurationIsVisible = 0;
			defaultConfigurationName = Release;
		};
/* End XCConfigurationList section */

/* Begin XCVersionGroup section */
		7B70347F1F09AE0300C768B7 /* DataModel.xcdatamodeld */ = {
			isa = XCVersionGroup;
			children = (
				7B7034801F09AE0300C768B7 /* DataModel.xcdatamodel */,
			);
			currentVersion = 7B7034801F09AE0300C768B7 /* DataModel.xcdatamodel */;
			path = DataModel.xcdatamodeld;
			sourceTree = "<group>";
			versionGroupType = wrapper.xcdatamodel;
		};
/* End XCVersionGroup section */
	};
	rootObject = 7B0365511F0582860046D6A4 /* Project object */;
}
